
Microsoft Visual Studio Solution File, Format Version 12.00
# Visual Studio Version 17
VisualStudioVersion = 17.0.32126.317
MinimumVisualStudioVersion = 10.0.40219.1
Project("{FAE04EC0-301F-11D3-BF4B-00C04F79EFBC}") = "IndianCensusAnalyser", "IndianCensusAnalyser.csproj", "{81621B0F-8194-49B1-865D-C8B98BF7289F}"
EndProject
Project("{FAE04EC0-301F-11D3-BF4B-00C04F79EFBC}") = "IndianStateCensusAnalyser", "..\IndianStateCensusAnalyser\IndianStateCensusAnalyser.csproj", "{CF8D0AAB-2878-46F6-97DA-D1AC359EE9E2}"
EndProject
Project("{FAE04EC0-301F-11D3-BF4B-00C04F79EFBC}") = "IndianCensus", "..\IndianCensus\IndianCensus.csproj", "{AAF79956-5316-4685-A201-5EB937547D22}"
EndProject
Project("{FAE04EC0-301F-11D3-BF4B-00C04F79EFBC}") = "TestIndianCensus", "..\TestIndianCensus\TestIndianCensus.csproj", "{C99CEBF9-2DC6-443B-843E-E60139047781}"
EndProject
Global
	GlobalSection(SolutionConfigurationPlatforms) = preSolution
		Debug|Any CPU = Debug|Any CPU
		Release|Any CPU = Release|Any CPU
	EndGlobalSection
	GlobalSection(ProjectConfigurationPlatforms) = postSolution
		{81621B0F-8194-49B1-865D-C8B98BF7289F}.Debug|Any CPU.ActiveCfg = Debug|Any CPU
		{81621B0F-8194-49B1-865D-C8B98BF7289F}.Debug|Any CPU.Build.0 = Debug|Any CPU
		{81621B0F-8194-49B1-865D-C8B98BF7289F}.Release|Any CPU.ActiveCfg = Release|Any CPU
		{81621B0F-8194-49B1-865D-C8B98BF7289F}.Release|Any CPU.Build.0 = Release|Any CPU
		{CF8D0AAB-2878-46F6-97DA-D1AC359EE9E2}.Debug|Any CPU.ActiveCfg = Debug|Any CPU
		{CF8D0AAB-2878-46F6-97DA-D1AC359EE9E2}.Debug|Any CPU.Build.0 = Debug|Any CPU
		{CF8D0AAB-2878-46F6-97DA-D1AC359EE9E2}.Release|Any CPU.ActiveCfg = Release|Any CPU
		{CF8D0AAB-2878-46F6-97DA-D1AC359EE9E2}.Release|Any CPU.Build.0 = Release|Any CPU
		{AAF79956-5316-4685-A201-5EB937547D22}.Debug|Any CPU.ActiveCfg = Debug|Any CPU
		{AAF79956-5316-4685-A201-5EB937547D22}.Debug|Any CPU.Build.0 = Debug|Any CPU
		{AAF79956-5316-4685-A201-5EB937547D22}.Release|Any CPU.ActiveCfg = Release|Any CPU
		{AAF79956-5316-4685-A201-5EB937547D22}.Release|Any CPU.Build.0 = Release|Any CPU
		{C99CEBF9-2DC6-443B-843E-E60139047781}.Debug|Any CPU.ActiveCfg = Debug|Any CPU
		{C99CEBF9-2DC6-443B-843E-E60139047781}.Debug|Any CPU.Build.0 = Debug|Any CPU
		{C99CEBF9-2DC6-443B-843E-E60139047781}.Release|Any CPU.ActiveCfg = Release|Any CPU
		{C99CEBF9-2DC6-443B-843E-E60139047781}.Release|Any CPU.Build.0 = Release|Any CPU
	EndGlobalSection
	GlobalSection(SolutionProperties) = preSolution
		HideSolutionNode = FALSE
	EndGlobalSection
	GlobalSection(ExtensibilityGlobals) = postSolution
		SolutionGuid = {3EC6359D-77F2-4B04-9FEA-FB785053B511}
	EndGlobalSection
EndGlobal
